// !$*UTF8*$!
{
	archiveVersion = 1;
	classes = {
	};
	objectVersion = 55;
	objects = {

/* Begin PBXBuildFile section */
		8025856527FB80A80064B74C /* eGainMessaging.framework in Frameworks */ = {isa = PBXBuildFile; fileRef = 8025856427FB80A80064B74C /* eGainMessaging.framework */; platformFilter = ios; };
		8025856627FB80A80064B74C /* eGainMessaging.framework in Embed Frameworks */ = {isa = PBXBuildFile; fileRef = 8025856427FB80A80064B74C /* eGainMessaging.framework */; settings = {ATTRIBUTES = (CodeSignOnCopy, RemoveHeadersOnCopy, ); }; };
		803E3EDE27A8B75C0014138F /* eGainMessagingExampleApp.swift in Sources */ = {isa = PBXBuildFile; fileRef = 803E3EDD27A8B75C0014138F /* eGainMessagingExampleApp.swift */; };
		803E3EE027A8B75C0014138F /* ContentView.swift in Sources */ = {isa = PBXBuildFile; fileRef = 803E3EDF27A8B75C0014138F /* ContentView.swift */; };
		803E3EE227A8B7600014138F /* Assets.xcassets in Resources */ = {isa = PBXBuildFile; fileRef = 803E3EE127A8B7600014138F /* Assets.xcassets */; };
		803E3EE527A8B7600014138F /* Preview Assets.xcassets in Resources */ = {isa = PBXBuildFile; fileRef = 803E3EE427A8B7600014138F /* Preview Assets.xcassets */; };
		803E3EF227A8BD890014138F /* Branding.swift in Sources */ = {isa = PBXBuildFile; fileRef = 803E3EF127A8BD890014138F /* Branding.swift */; };
/* End PBXBuildFile section */

/* Begin PBXCopyFilesBuildPhase section */
		8096E50E27B0B163009D5690 /* Embed Frameworks */ = {
			isa = PBXCopyFilesBuildPhase;
			buildActionMask = 2147483647;
			dstPath = "";
			dstSubfolderSpec = 10;
			files = (
				8025856627FB80A80064B74C /* eGainMessaging.framework in Embed Frameworks */,
			);
			name = "Embed Frameworks";
			runOnlyForDeploymentPostprocessing = 0;
		};
/* End PBXCopyFilesBuildPhase section */

/* Begin PBXFileReference section */
		8025856427FB80A80064B74C /* eGainMessaging.framework */ = {isa = PBXFileReference; lastKnownFileType = wrapper.framework; name = eGainMessaging.framework; path = ../../Desktop/eGainMessaging.framework; sourceTree = "<group>"; };
		8025856727FB80AD0064B74C /* eGainMessaging.framework */ = {isa = PBXFileReference; lastKnownFileType = wrapper.framework; path = eGainMessaging.framework; sourceTree = "<group>"; };
		803E3EDA27A8B75C0014138F /* eGainMessagingExample.app */ = {isa = PBXFileReference; explicitFileType = wrapper.application; includeInIndex = 0; path = eGainMessagingExample.app; sourceTree = BUILT_PRODUCTS_DIR; };
		803E3EDD27A8B75C0014138F /* eGainMessagingExampleApp.swift */ = {isa = PBXFileReference; lastKnownFileType = sourcecode.swift; path = eGainMessagingExampleApp.swift; sourceTree = "<group>"; };
		803E3EDF27A8B75C0014138F /* ContentView.swift */ = {isa = PBXFileReference; lastKnownFileType = sourcecode.swift; path = ContentView.swift; sourceTree = "<group>"; };
		803E3EE127A8B7600014138F /* Assets.xcassets */ = {isa = PBXFileReference; lastKnownFileType = folder.assetcatalog; path = Assets.xcassets; sourceTree = "<group>"; };
		803E3EE427A8B7600014138F /* Preview Assets.xcassets */ = {isa = PBXFileReference; lastKnownFileType = folder.assetcatalog; path = "Preview Assets.xcassets"; sourceTree = "<group>"; };
		803E3EF127A8BD890014138F /* Branding.swift */ = {isa = PBXFileReference; lastKnownFileType = sourcecode.swift; path = Branding.swift; sourceTree = "<group>"; };
		8096E51027B0B65B009D5690 /* Info.plist */ = {isa = PBXFileReference; lastKnownFileType = text.plist; path = Info.plist; sourceTree = "<group>"; };
/* End PBXFileReference section */

/* Begin PBXFrameworksBuildPhase section */
		803E3ED727A8B75C0014138F /* Frameworks */ = {
			isa = PBXFrameworksBuildPhase;
			buildActionMask = 2147483647;
			files = (
				8025856527FB80A80064B74C /* eGainMessaging.framework in Frameworks */,
			);
			runOnlyForDeploymentPostprocessing = 0;
		};
/* End PBXFrameworksBuildPhase section */

/* Begin PBXGroup section */
		8025856327FB80A80064B74C /* Frameworks */ = {
			isa = PBXGroup;
			children = (
				8025856427FB80A80064B74C /* eGainMessaging.framework */,
			);
			name = Frameworks;
			sourceTree = "<group>";
		};
		803E3ED127A8B75C0014138F = {
			isa = PBXGroup;
			children = (
				803E3EDC27A8B75C0014138F /* eGainMessagingExample */,
				803E3EDB27A8B75C0014138F /* Products */,
				8025856327FB80A80064B74C /* Frameworks */,
			);
			sourceTree = "<group>";
		};
		803E3EDB27A8B75C0014138F /* Products */ = {
			isa = PBXGroup;
			children = (
				803E3EDA27A8B75C0014138F /* eGainMessagingExample.app */,
			);
			name = Products;
			sourceTree = "<group>";
		};
		803E3EDC27A8B75C0014138F /* eGainMessagingExample */ = {
			isa = PBXGroup;
			children = (
				8096E51027B0B65B009D5690 /* Info.plist */,
				803E3EDD27A8B75C0014138F /* eGainMessagingExampleApp.swift */,
				803E3EDF27A8B75C0014138F /* ContentView.swift */,
				803E3EF127A8BD890014138F /* Branding.swift */,
				803E3EE127A8B7600014138F /* Assets.xcassets */,
				8025856727FB80AD0064B74C /* eGainMessaging.framework */,
				803E3EE327A8B7600014138F /* Preview Content */,
			);
			path = eGainMessagingExample;
			sourceTree = "<group>";
		};
		803E3EE327A8B7600014138F /* Preview Content */ = {
			isa = PBXGroup;
			children = (
				803E3EE427A8B7600014138F /* Preview Assets.xcassets */,
			);
			path = "Preview Content";
			sourceTree = "<group>";
		};
/* End PBXGroup section */

/* Begin PBXNativeTarget section */
		803E3ED927A8B75C0014138F /* eGainMessagingExample */ = {
			isa = PBXNativeTarget;
			buildConfigurationList = 803E3EE827A8B7600014138F /* Build configuration list for PBXNativeTarget "eGainMessagingExample" */;
			buildPhases = (
				803E3ED627A8B75C0014138F /* Sources */,
				803E3ED727A8B75C0014138F /* Frameworks */,
				803E3ED827A8B75C0014138F /* Resources */,
				8096E50E27B0B163009D5690 /* Embed Frameworks */,
			);
			buildRules = (
			);
			dependencies = (
			);
			name = eGainMessagingExample;
			productName = eGainMessagingExample;
			productReference = 803E3EDA27A8B75C0014138F /* eGainMessagingExample.app */;
			productType = "com.apple.product-type.application";
		};
/* End PBXNativeTarget section */

/* Begin PBXProject section */
		803E3ED227A8B75C0014138F /* Project object */ = {
			isa = PBXProject;
			attributes = {
				BuildIndependentTargetsInParallel = 1;
				LastSwiftUpdateCheck = 1320;
				LastUpgradeCheck = 1320;
				TargetAttributes = {
					803E3ED927A8B75C0014138F = {
						CreatedOnToolsVersion = 13.2.1;
					};
				};
			};
			buildConfigurationList = 803E3ED527A8B75C0014138F /* Build configuration list for PBXProject "eGainMessagingExample" */;
			compatibilityVersion = "Xcode 13.0";
			developmentRegion = en;
			hasScannedForEncodings = 0;
			knownRegions = (
				en,
				Base,
			);
			mainGroup = 803E3ED127A8B75C0014138F;
			productRefGroup = 803E3EDB27A8B75C0014138F /* Products */;
			projectDirPath = "";
			projectRoot = "";
			targets = (
				803E3ED927A8B75C0014138F /* eGainMessagingExample */,
			);
		};
/* End PBXProject section */

/* Begin PBXResourcesBuildPhase section */
		803E3ED827A8B75C0014138F /* Resources */ = {
			isa = PBXResourcesBuildPhase;
			buildActionMask = 2147483647;
			files = (
				803E3EE527A8B7600014138F /* Preview Assets.xcassets in Resources */,
				803E3EE227A8B7600014138F /* Assets.xcassets in Resources */,
			);
			runOnlyForDeploymentPostprocessing = 0;
		};
/* End PBXResourcesBuildPhase section */

/* Begin PBXSourcesBuildPhase section */
		803E3ED627A8B75C0014138F /* Sources */ = {
			isa = PBXSourcesBuildPhase;
			buildActionMask = 2147483647;
			files = (
				803E3EE027A8B75C0014138F /* ContentView.swift in Sources */,
				803E3EF227A8BD890014138F /* Branding.swift in Sources */,
				803E3EDE27A8B75C0014138F /* eGainMessagingExampleApp.swift in Sources */,
			);
			runOnlyForDeploymentPostprocessing = 0;
		};
/* End PBXSourcesBuildPhase section */

/* Begin XCBuildConfiguration section */
		803E3EE627A8B7600014138F /* Debug */ = {
			isa = XCBuildConfiguration;
			buildSettings = {
				ALWAYS_SEARCH_USER_PATHS = NO;
				CLANG_ANALYZER_NONNULL = YES;
				CLANG_ANALYZER_NUMBER_OBJECT_CONVERSION = YES_AGGRESSIVE;
				CLANG_CXX_LANGUAGE_STANDARD = "gnu++17";
				CLANG_CXX_LIBRARY = "libc++";
				CLANG_ENABLE_MODULES = YES;
				CLANG_ENABLE_OBJC_ARC = YES;
				CLANG_ENABLE_OBJC_WEAK = YES;
				CLANG_WARN_BLOCK_CAPTURE_AUTORELEASING = YES;
				CLANG_WARN_BOOL_CONVERSION = YES;
				CLANG_WARN_COMMA = YES;
				CLANG_WARN_CONSTANT_CONVERSION = YES;
				CLANG_WARN_DEPRECATED_OBJC_IMPLEMENTATIONS = YES;
				CLANG_WARN_DIRECT_OBJC_ISA_USAGE = YES_ERROR;
				CLANG_WARN_DOCUMENTATION_COMMENTS = YES;
				CLANG_WARN_EMPTY_BODY = YES;
				CLANG_WARN_ENUM_CONVERSION = YES;
				CLANG_WARN_INFINITE_RECURSION = YES;
				CLANG_WARN_INT_CONVERSION = YES;
				CLANG_WARN_NON_LITERAL_NULL_CONVERSION = YES;
				CLANG_WARN_OBJC_IMPLICIT_RETAIN_SELF = YES;
				CLANG_WARN_OBJC_LITERAL_CONVERSION = YES;
				CLANG_WARN_OBJC_ROOT_CLASS = YES_ERROR;
				CLANG_WARN_QUOTED_INCLUDE_IN_FRAMEWORK_HEADER = YES;
				CLANG_WARN_RANGE_LOOP_ANALYSIS = YES;
				CLANG_WARN_STRICT_PROTOTYPES = YES;
				CLANG_WARN_SUSPICIOUS_MOVE = YES;
				CLANG_WARN_UNGUARDED_AVAILABILITY = YES_AGGRESSIVE;
				CLANG_WARN_UNREACHABLE_CODE = YES;
				CLANG_WARN__DUPLICATE_METHOD_MATCH = YES;
				COPY_PHASE_STRIP = NO;
				DEBUG_INFORMATION_FORMAT = dwarf;
				ENABLE_STRICT_OBJC_MSGSEND = YES;
				ENABLE_TESTABILITY = YES;
				GCC_C_LANGUAGE_STANDARD = gnu11;
				GCC_DYNAMIC_NO_PIC = NO;
				GCC_NO_COMMON_BLOCKS = YES;
				GCC_OPTIMIZATION_LEVEL = 0;
				GCC_PREPROCESSOR_DEFINITIONS = (
					"DEBUG=1",
					"$(inherited)",
				);
				GCC_WARN_64_TO_32_BIT_CONVERSION = YES;
				GCC_WARN_ABOUT_RETURN_TYPE = YES_ERROR;
				GCC_WARN_UNDECLARED_SELECTOR = YES;
				GCC_WARN_UNINITIALIZED_AUTOS = YES_AGGRESSIVE;
				GCC_WARN_UNUSED_FUNCTION = YES;
				GCC_WARN_UNUSED_VARIABLE = YES;
				IPHONEOS_DEPLOYMENT_TARGET = 15.2;
				MTL_ENABLE_DEBUG_INFO = INCLUDE_SOURCE;
				MTL_FAST_MATH = YES;
				ONLY_ACTIVE_ARCH = YES;
				SDKROOT = iphoneos;
				SWIFT_ACTIVE_COMPILATION_CONDITIONS = DEBUG;
				SWIFT_OPTIMIZATION_LEVEL = "-Onone";
			};
			name = Debug;
		};
		803E3EE727A8B7600014138F /* Release */ = {
			isa = XCBuildConfiguration;
			buildSettings = {
				ALWAYS_SEARCH_USER_PATHS = NO;
				CLANG_ANALYZER_NONNULL = YES;
				CLANG_ANALYZER_NUMBER_OBJECT_CONVERSION = YES_AGGRESSIVE;
				CLANG_CXX_LANGUAGE_STANDARD = "gnu++17";
				CLANG_CXX_LIBRARY = "libc++";
				CLANG_ENABLE_MODULES = YES;
				CLANG_ENABLE_OBJC_ARC = YES;
				CLANG_ENABLE_OBJC_WEAK = YES;
				CLANG_WARN_BLOCK_CAPTURE_AUTORELEASING = YES;
				CLANG_WARN_BOOL_CONVERSION = YES;
				CLANG_WARN_COMMA = YES;
				CLANG_WARN_CONSTANT_CONVERSION = YES;
				CLANG_WARN_DEPRECATED_OBJC_IMPLEMENTATIONS = YES;
				CLANG_WARN_DIRECT_OBJC_ISA_USAGE = YES_ERROR;
				CLANG_WARN_DOCUMENTATION_COMMENTS = YES;
				CLANG_WARN_EMPTY_BODY = YES;
				CLANG_WARN_ENUM_CONVERSION = YES;
				CLANG_WARN_INFINITE_RECURSION = YES;
				CLANG_WARN_INT_CONVERSION = YES;
				CLANG_WARN_NON_LITERAL_NULL_CONVERSION = YES;
				CLANG_WARN_OBJC_IMPLICIT_RETAIN_SELF = YES;
				CLANG_WARN_OBJC_LITERAL_CONVERSION = YES;
				CLANG_WARN_OBJC_ROOT_CLASS = YES_ERROR;
				CLANG_WARN_QUOTED_INCLUDE_IN_FRAMEWORK_HEADER = YES;
				CLANG_WARN_RANGE_LOOP_ANALYSIS = YES;
				CLANG_WARN_STRICT_PROTOTYPES = YES;
				CLANG_WARN_SUSPICIOUS_MOVE = YES;
				CLANG_WARN_UNGUARDED_AVAILABILITY = YES_AGGRESSIVE;
				CLANG_WARN_UNREACHABLE_CODE = YES;
				CLANG_WARN__DUPLICATE_METHOD_MATCH = YES;
				COPY_PHASE_STRIP = NO;
				DEBUG_INFORMATION_FORMAT = "dwarf-with-dsym";
				ENABLE_NS_ASSERTIONS = NO;
				ENABLE_STRICT_OBJC_MSGSEND = YES;
				GCC_C_LANGUAGE_STANDARD = gnu11;
				GCC_NO_COMMON_BLOCKS = YES;
				GCC_WARN_64_TO_32_BIT_CONVERSION = YES;
				GCC_WARN_ABOUT_RETURN_TYPE = YES_ERROR;
				GCC_WARN_UNDECLARED_SELECTOR = YES;
				GCC_WARN_UNINITIALIZED_AUTOS = YES_AGGRESSIVE;
				GCC_WARN_UNUSED_FUNCTION = YES;
				GCC_WARN_UNUSED_VARIABLE = YES;
				IPHONEOS_DEPLOYMENT_TARGET = 15.2;
				MTL_ENABLE_DEBUG_INFO = NO;
				MTL_FAST_MATH = YES;
				SDKROOT = iphoneos;
				SWIFT_COMPILATION_MODE = wholemodule;
				SWIFT_OPTIMIZATION_LEVEL = "-O";
				VALIDATE_PRODUCT = YES;
			};
			name = Release;
		};
		803E3EE927A8B7600014138F /* Debug */ = {
			isa = XCBuildConfiguration;
			buildSettings = {
				ASSETCATALOG_COMPILER_APPICON_NAME = AppIcon;
				ASSETCATALOG_COMPILER_GLOBAL_ACCENT_COLOR_NAME = AccentColor;
				CODE_SIGN_STYLE = Automatic;
				CURRENT_PROJECT_VERSION = 1;
				DEVELOPMENT_ASSET_PATHS = "\"eGainMessagingExample/Preview Content\"";
				DEVELOPMENT_TEAM = VZW3SGAWJ9;
				ENABLE_PREVIEWS = YES;
				FRAMEWORK_SEARCH_PATHS = "$(PROJECT_DIR)/**";
				GENERATE_INFOPLIST_FILE = YES;
				INFOPLIST_FILE = eGainMessagingExample/Info.plist;
				INFOPLIST_KEY_UIApplicationSceneManifest_Generation = YES;
				INFOPLIST_KEY_UIApplicationSupportsIndirectInputEvents = YES;
				INFOPLIST_KEY_UILaunchScreen_Generation = YES;
				INFOPLIST_KEY_UISupportedInterfaceOrientations_iPad = "UIInterfaceOrientationPortrait UIInterfaceOrientationPortraitUpsideDown UIInterfaceOrientationLandscapeLeft UIInterfaceOrientationLandscapeRight";
				INFOPLIST_KEY_UISupportedInterfaceOrientations_iPhone = "UIInterfaceOrientationPortrait UIInterfaceOrientationLandscapeLeft UIInterfaceOrientationLandscapeRight";
				IPHONEOS_DEPLOYMENT_TARGET = 14.0;
				LD_RUNPATH_SEARCH_PATHS = (
					"$(inherited)",
					"@executable_path/Frameworks",
				);
				MARKETING_VERSION = 1.0;
				PRODUCT_BUNDLE_IDENTIFIER = com.egain.eGainMessagingExample;
				PRODUCT_NAME = "$(TARGET_NAME)";
				SWIFT_EMIT_LOC_STRINGS = YES;
				SWIFT_VERSION = 5.0;
				TARGETED_DEVICE_FAMILY = "1,2";
			};
			name = Debug;
		};
		803E3EEA27A8B7600014138F /* Release */ = {
			isa = XCBuildConfiguration;
			buildSettings = {
				ASSETCATALOG_COMPILER_APPICON_NAME = AppIcon;
				ASSETCATALOG_COMPILER_GLOBAL_ACCENT_COLOR_NAME = AccentColor;
				CODE_SIGN_STYLE = Automatic;
				CURRENT_PROJECT_VERSION = 1;
				DEVELOPMENT_ASSET_PATHS = "\"eGainMessagingExample/Preview Content\"";
				DEVELOPMENT_TEAM = VZW3SGAWJ9;
				ENABLE_PREVIEWS = YES;
				FRAMEWORK_SEARCH_PATHS = "$(PROJECT_DIR)/**";
				GENERATE_INFOPLIST_FILE = YES;
				INFOPLIST_FILE = eGainMessagingExample/Info.plist;
				INFOPLIST_KEY_UIApplicationSceneManifest_Generation = YES;
				INFOPLIST_KEY_UIApplicationSupportsIndirectInputEvents = YES;
				INFOPLIST_KEY_UILaunchScreen_Generation = YES;
				INFOPLIST_KEY_UISupportedInterfaceOrientations_iPad = "UIInterfaceOrientationPortrait UIInterfaceOrientationPortraitUpsideDown UIInterfaceOrientationLandscapeLeft UIInterfaceOrientationLandscapeRight";
				INFOPLIST_KEY_UISupportedInterfaceOrientations_iPhone = "UIInterfaceOrientationPortrait UIInterfaceOrientationLandscapeLeft UIInterfaceOrientationLandscapeRight";
				IPHONEOS_DEPLOYMENT_TARGET = 14.0;
				LD_RUNPATH_SEARCH_PATHS = (
					"$(inherited)",
					"@executable_path/Frameworks",
				);
				MARKETING_VERSION = 1.0;
				PRODUCT_BUNDLE_IDENTIFIER = com.egain.eGainMessagingExample;
				PRODUCT_NAME = "$(TARGET_NAME)";
				SWIFT_EMIT_LOC_STRINGS = YES;
				SWIFT_VERSION = 5.0;
				TARGETED_DEVICE_FAMILY = "1,2";
			};
			name = Release;
		};
/* End XCBuildConfiguration section */

/* Begin XCConfigurationList section */
		803E3ED527A8B75C0014138F /* Build configuration list for PBXProject "eGainMessagingExample" */ = {
			isa = XCConfigurationList;
			buildConfigurations = (
				803E3EE627A8B7600014138F /* Debug */,
				803E3EE727A8B7600014138F /* Release */,
			);
			defaultConfigurationIsVisible = 0;
			defaultConfigurationName = Release;
		};
		803E3EE827A8B7600014138F /* Build configuration list for PBXNativeTarget "eGainMessagingExample" */ = {
			isa = XCConfigurationList;
			buildConfigurations = (
				803E3EE927A8B7600014138F /* Debug */,
				803E3EEA27A8B7600014138F /* Release */,
			);
			defaultConfigurationIsVisible = 0;
			defaultConfigurationName = Release;
		};
/* End XCConfigurationList section */
	};
	rootObject = 803E3ED227A8B75C0014138F /* Project object */;
}
